{"vendor/.keep":"2025-11-04 07:58:02 -0500","vendor/tree-sitter/build/lib/libtree-sitter.a":"2025-11-04 07:58:42 -0500","vendor/raylib/src/libraylib.a":"2025-11-04 07:58:40 -0500","vendor/mruby/build/host/lib/libmruby.a":"2025-11-04 08:01:09 -0500","vendor/hokusai-pocket/ast.o":"2025-11-03 13:23:00 -0500","vendor/mruby/cli_build_config.rb":"2025-11-03 14:45:46 -0500","vendor/hokusai-pocket/libhokusai.a":"2025-11-04 08:36:30 -0500","mrblib/hokusai.rb":"2025-11-04 08:36:28 -0500"}