# NOTICE: This lockfile contains some overrides from shard.override.yml
version: 2.0
shards:
  athena-clock:
    git: https://github.com/athena-framework/clock.git
    version: 0.2.0

  athena-console: # Overridden
    git: https://github.com/athena-framework/console.git
    version: 0.4.2

  baked_file_system:
    git: https://github.com/schovi/baked_file_system.git
    version: 0.10.0

  barista:
    git: https://github.com/skinnyjames/barista.git
    version: 0.2.1+git.commit.2497995f75e84f2eec9fa1a8153af732d483e621

  crest: # Overridden
    git: https://github.com/mamantoha/crest.git
    version: 1.5.1

  crinja:
    git: https://github.com/straight-shoota/crinja.git
    version: 0.8.1

  file_watcher:
    git: https://github.com/stephannv/file_watcher.git
    version: 0.1.0+git.commit.b3ab345b1e422eb62ee4cd68bba38d0df1dcc02a

  http-client-digest_auth:
    git: https://github.com/mamantoha/http-client-digest_auth.git
    version: 0.6.0

  http_proxy: # Overridden
    git: https://github.com/mamantoha/http_proxy.git
    version: 0.13.0

